
Microsoft Visual Studio Solution File, Format Version 12.00
# Visual Studio Version 17
VisualStudioVersion = 17.9.34728.123
MinimumVisualStudioVersion = 10.0.40219.1
Project("{FAE04EC0-301F-11D3-BF4B-00C04F79EFBC}") = "thelastofus", "thelastofus\thelastofus.csproj", "{096A03F7-74B4-473E-9D18-831D9E8F37EE}"
EndProject
Global
	GlobalSection(SolutionConfigurationPlatforms) = preSolution
		Debug|Any CPU = Debug|Any CPU
		Release|Any CPU = Release|Any CPU
	EndGlobalSection
	GlobalSection(ProjectConfigurationPlatforms) = postSolution
		{096A03F7-74B4-473E-9D18-831D9E8F37EE}.Debug|Any CPU.ActiveCfg = Debug|Any CPU
		{096A03F7-74B4-473E-9D18-831D9E8F37EE}.Debug|Any CPU.Build.0 = Debug|Any CPU
		{096A03F7-74B4-473E-9D18-831D9E8F37EE}.Release|Any CPU.ActiveCfg = Release|Any CPU
		{096A03F7-74B4-473E-9D18-831D9E8F37EE}.Release|Any CPU.Build.0 = Release|Any CPU
	EndGlobalSection
	GlobalSection(SolutionProperties) = preSolution
		HideSolutionNode = FALSE
	EndGlobalSection
	GlobalSection(ExtensibilityGlobals) = postSolution
		SolutionGuid = {F55FFC0E-494A-4467-AD45-AE6E8EB83C7E}
	EndGlobalSection
EndGlobal
